- hosts: picrawler
  user: pi
  become: yes

  tasks:
    - name: Apt update and upgrade
      apt:
        update_cache: yes
        upgrade: dist
    - name: Install a list of packages
      apt:
        pkg:
          - bc
          - bluealsa
          - git
          - mpg123
          - pi-bluetooth
          - mosquitto
          - vim
          - zsh
    - name: Install python packages
      pip:
        name:
          - evdev
          - numpy==1.21.5
          - nltk
          - paho-mqtt
          - vosk
          - sounddevice
    - name: Download zsh installer
      get_url:
        url: https://raw.githubusercontent.com/robbyrussell/oh-my-zsh/master/tools/install.sh
        dest: /tmp/zsh-installer.sh
        mode: '0755'
    - name: Create a directory vosk model directory
      file:
        path: /opt/vosk/model/
        state: directory
        mode: '0755'
    - name: Install Vosk model
      unarchive:
        src: https://alphacephei.com/vosk/models/vosk-model-small-en-us-0.15.zip
        dest: /opt/vosk/model/
        remote_src: yes
    - name: download nltk corpus
      shell: python3 -m nltk.downloader all
    - name: Git checkout Vlib repo
      git:
        repo: 'https://github.com/sunfounder/vilib.git'
        dest: /home/pi/vilib
    - name: install vilib library
      shell: python3 install.py
      become: true
      become_user: root
      args:
        chdir: /home/pi/vilib
    - name: Git checkout picrawler repo
      git:
        repo: 'https://github.com/zutherb/picrawler.git'
        dest: /home/pi/picrawler
